
Microsoft Visual Studio Solution File, Format Version 12.00
# Visual Studio 15
VisualStudioVersion = 15.0.28307.438
MinimumVisualStudioVersion = 10.0.40219.1
Project("{9A19103F-16F7-4668-BE54-9A1E7A4F7556}") = "ZoneGuardCore", "ZoneGuardCore\ZoneGuardCore.csproj", "{102EA2F2-667A-4C54-92A2-8C36A81CEF20}"
EndProject
Project("{9A19103F-16F7-4668-BE54-9A1E7A4F7556}") = "ZoneGuardShared", "ZoneGuardShared\ZoneGuardShared.csproj", "{C96CA839-C49F-426F-854E-3873F109886B}"
EndProject
Project("{2150E333-8FDC-42A3-9474-1A3956D46DE8}") = "Services", "Services", "{D1498C83-66C3-472D-923C-A225EED7FB5B}"
EndProject
Project("{FAE04EC0-301F-11D3-BF4B-00C04F79EFBC}") = "ZoneGuardService.Mqtt", "Services\ZoneGuardMqttService\ZoneGuardService.Mqtt.csproj", "{06799E66-F36D-4E7F-B3D5-05419122DC31}"
EndProject
Global
	GlobalSection(SolutionConfigurationPlatforms) = preSolution
		Debug|Any CPU = Debug|Any CPU
		Release|Any CPU = Release|Any CPU
	EndGlobalSection
	GlobalSection(ProjectConfigurationPlatforms) = postSolution
		{102EA2F2-667A-4C54-92A2-8C36A81CEF20}.Debug|Any CPU.ActiveCfg = Debug|Any CPU
		{102EA2F2-667A-4C54-92A2-8C36A81CEF20}.Debug|Any CPU.Build.0 = Debug|Any CPU
		{102EA2F2-667A-4C54-92A2-8C36A81CEF20}.Release|Any CPU.ActiveCfg = Release|Any CPU
		{102EA2F2-667A-4C54-92A2-8C36A81CEF20}.Release|Any CPU.Build.0 = Release|Any CPU
		{C96CA839-C49F-426F-854E-3873F109886B}.Debug|Any CPU.ActiveCfg = Debug|Any CPU
		{C96CA839-C49F-426F-854E-3873F109886B}.Debug|Any CPU.Build.0 = Debug|Any CPU
		{C96CA839-C49F-426F-854E-3873F109886B}.Release|Any CPU.ActiveCfg = Release|Any CPU
		{C96CA839-C49F-426F-854E-3873F109886B}.Release|Any CPU.Build.0 = Release|Any CPU
		{06799E66-F36D-4E7F-B3D5-05419122DC31}.Debug|Any CPU.ActiveCfg = Debug|Any CPU
		{06799E66-F36D-4E7F-B3D5-05419122DC31}.Debug|Any CPU.Build.0 = Debug|Any CPU
		{06799E66-F36D-4E7F-B3D5-05419122DC31}.Release|Any CPU.ActiveCfg = Release|Any CPU
		{06799E66-F36D-4E7F-B3D5-05419122DC31}.Release|Any CPU.Build.0 = Release|Any CPU
	EndGlobalSection
	GlobalSection(SolutionProperties) = preSolution
		HideSolutionNode = FALSE
	EndGlobalSection
	GlobalSection(NestedProjects) = preSolution
		{06799E66-F36D-4E7F-B3D5-05419122DC31} = {D1498C83-66C3-472D-923C-A225EED7FB5B}
	EndGlobalSection
	GlobalSection(ExtensibilityGlobals) = postSolution
		SolutionGuid = {DA7D0909-BBC7-4271-8498-BB0634CF7B39}
	EndGlobalSection
EndGlobal
