
Microsoft Visual Studio Solution File, Format Version 12.00
# Visual Studio 15
VisualStudioVersion = 15.0.28307.438
MinimumVisualStudioVersion = 10.0.40219.1
Project("{9A19103F-16F7-4668-BE54-9A1E7A4F7556}") = "ZoneGuardCore", "ZoneGuardCore\ZoneGuardCore.csproj", "{102EA2F2-667A-4C54-92A2-8C36A81CEF20}"
EndProject
Project("{9A19103F-16F7-4668-BE54-9A1E7A4F7556}") = "ZoneGuardWeb", "ZoneGuardWeb\ZoneGuardWeb.csproj", "{4CE986C6-BA60-4638-875C-0FD5B33A690B}"
EndProject
Project("{9A19103F-16F7-4668-BE54-9A1E7A4F7556}") = "SimpleWebApp", "SimpleWebApp\SimpleWebApp.csproj", "{B2B7471A-868E-4BF0-8A78-2DEA25D117AD}"
EndProject
Project("{9A19103F-16F7-4668-BE54-9A1E7A4F7556}") = "ZoneGuard.DAL", "ZoneGuard.DAL\ZoneGuard.DAL.csproj", "{849F1308-39C1-4BD7-A552-A749EF6D219E}"
EndProject
Project("{9A19103F-16F7-4668-BE54-9A1E7A4F7556}") = "ZoneGuard.Shared", "ZoneGuard.Shared\ZoneGuard.Shared.csproj", "{215ED5D6-EC9A-4F99-A9E8-62CF63818C29}"
EndProject
Project("{FAE04EC0-301F-11D3-BF4B-00C04F79EFBC}") = "ConsoleTestApp", "ConsoleTestApp\ConsoleTestApp.csproj", "{B66CA78C-52F2-4A66-BF7A-B50AC6550618}"
EndProject
Global
	GlobalSection(SolutionConfigurationPlatforms) = preSolution
		Debug|Any CPU = Debug|Any CPU
		Release|Any CPU = Release|Any CPU
	EndGlobalSection
	GlobalSection(ProjectConfigurationPlatforms) = postSolution
		{102EA2F2-667A-4C54-92A2-8C36A81CEF20}.Debug|Any CPU.ActiveCfg = Debug|Any CPU
		{102EA2F2-667A-4C54-92A2-8C36A81CEF20}.Debug|Any CPU.Build.0 = Debug|Any CPU
		{102EA2F2-667A-4C54-92A2-8C36A81CEF20}.Release|Any CPU.ActiveCfg = Release|Any CPU
		{102EA2F2-667A-4C54-92A2-8C36A81CEF20}.Release|Any CPU.Build.0 = Release|Any CPU
		{4CE986C6-BA60-4638-875C-0FD5B33A690B}.Debug|Any CPU.ActiveCfg = Debug|Any CPU
		{4CE986C6-BA60-4638-875C-0FD5B33A690B}.Debug|Any CPU.Build.0 = Debug|Any CPU
		{4CE986C6-BA60-4638-875C-0FD5B33A690B}.Release|Any CPU.ActiveCfg = Release|Any CPU
		{4CE986C6-BA60-4638-875C-0FD5B33A690B}.Release|Any CPU.Build.0 = Release|Any CPU
		{B2B7471A-868E-4BF0-8A78-2DEA25D117AD}.Debug|Any CPU.ActiveCfg = Debug|Any CPU
		{B2B7471A-868E-4BF0-8A78-2DEA25D117AD}.Debug|Any CPU.Build.0 = Debug|Any CPU
		{B2B7471A-868E-4BF0-8A78-2DEA25D117AD}.Release|Any CPU.ActiveCfg = Release|Any CPU
		{B2B7471A-868E-4BF0-8A78-2DEA25D117AD}.Release|Any CPU.Build.0 = Release|Any CPU
		{849F1308-39C1-4BD7-A552-A749EF6D219E}.Debug|Any CPU.ActiveCfg = Debug|Any CPU
		{849F1308-39C1-4BD7-A552-A749EF6D219E}.Debug|Any CPU.Build.0 = Debug|Any CPU
		{849F1308-39C1-4BD7-A552-A749EF6D219E}.Release|Any CPU.ActiveCfg = Release|Any CPU
		{849F1308-39C1-4BD7-A552-A749EF6D219E}.Release|Any CPU.Build.0 = Release|Any CPU
		{215ED5D6-EC9A-4F99-A9E8-62CF63818C29}.Debug|Any CPU.ActiveCfg = Debug|Any CPU
		{215ED5D6-EC9A-4F99-A9E8-62CF63818C29}.Debug|Any CPU.Build.0 = Debug|Any CPU
		{215ED5D6-EC9A-4F99-A9E8-62CF63818C29}.Release|Any CPU.ActiveCfg = Release|Any CPU
		{215ED5D6-EC9A-4F99-A9E8-62CF63818C29}.Release|Any CPU.Build.0 = Release|Any CPU
		{B66CA78C-52F2-4A66-BF7A-B50AC6550618}.Debug|Any CPU.ActiveCfg = Debug|Any CPU
		{B66CA78C-52F2-4A66-BF7A-B50AC6550618}.Debug|Any CPU.Build.0 = Debug|Any CPU
		{B66CA78C-52F2-4A66-BF7A-B50AC6550618}.Release|Any CPU.ActiveCfg = Release|Any CPU
		{B66CA78C-52F2-4A66-BF7A-B50AC6550618}.Release|Any CPU.Build.0 = Release|Any CPU
	EndGlobalSection
	GlobalSection(SolutionProperties) = preSolution
		HideSolutionNode = FALSE
	EndGlobalSection
	GlobalSection(ExtensibilityGlobals) = postSolution
		SolutionGuid = {DA7D0909-BBC7-4271-8498-BB0634CF7B39}
	EndGlobalSection
EndGlobal
